<?xml version="1.0" encoding="utf-8"?>
<Project ToolsVersion="4.0" xmlns="http://schemas.microsoft.com/developer/msbuild/2003">
  <ItemGroup>
    <ClCompile Include="stdafx.cpp" />
    <ClCompile Include="Systems\Keyboard.cpp">
      <Filter>Systems</Filter>
    </ClCompile>
    <ClCompile Include="Renders\Shader.cpp">
      <Filter>Renders</Filter>
    </ClCompile>
    <ClCompile Include="Utilities\BinaryFile.cpp">
      <Filter>Utilites</Filter>
    </ClCompile>
    <ClCompile Include="Utilities\Math.cpp">
      <Filter>Utilites</Filter>
    </ClCompile>
    <ClCompile Include="Utilities\Path.cpp">
      <Filter>Utilites</Filter>
    </ClCompile>
    <ClCompile Include="Utilities\String.cpp">
      <Filter>Utilites</Filter>
    </ClCompile>
    <ClCompile Include="Utilities\Xml.cpp">
      <Filter>Utilites</Filter>
    </ClCompile>
    <ClCompile Include="Systems\Time.cpp">
      <Filter>Systems</Filter>
    </ClCompile>
    <ClCompile Include="Systems\Device.cpp">
      <Filter>Systems</Filter>
    </ClCompile>
    <ClCompile Include="Renders\Clip.cpp">
      <Filter>Renders</Filter>
    </ClCompile>
    <ClCompile Include="Renders\Rect.cpp">
      <Filter>Renders</Filter>
    </ClCompile>
    <ClCompile Include="Renders\Sprite.cpp">
      <Filter>Renders</Filter>
    </ClCompile>
    <ClCompile Include="Renders\Animation.cpp">
      <Filter>Renders</Filter>
    </ClCompile>
    <ClCompile Include="Viewer\Camera.cpp">
      <Filter>Viewer</Filter>
    </ClCompile>
    <ClCompile Include="Viewer\Freedom.cpp">
      <Filter>Viewer</Filter>
    </ClCompile>
    <ClCompile Include="Viewer\Following.cpp">
      <Filter>Viewer</Filter>
    </ClCompile>
    <ClCompile Include="Systems\DirectWrite.cpp">
      <Filter>Systems</Filter>
    </ClCompile>
    <ClCompile Include="Program.cpp" />
    <ClCompile Include="Objects\Line.cpp">
      <Filter>Objects</Filter>
    </ClCompile>
    <ClCompile Include="Objects\Marker.cpp">
      <Filter>Objects</Filter>
    </ClCompile>
    <ClCompile Include="Systems\CMouse.cpp">
      <Filter>Systems</Filter>
    </ClCompile>
    <ClCompile Include="Data\CollisionData.cpp">
      <Filter>Data</Filter>
    </ClCompile>
    <ClCompile Include="Objects\Arrow.cpp">
      <Filter>Objects</Filter>
    </ClCompile>
    <ClCompile Include="Systems\StopWatch.cpp">
      <Filter>Systems</Filter>
    </ClCompile>
    <ClCompile Include="Objects\Icycle.cpp">
      <Filter>Objects</Filter>
    </ClCompile>
    <ClCompile Include="Physics\CollisionSystem.cpp">
      <Filter>Physics</Filter>
    </ClCompile>
    <ClCompile Include="Physics\Gravity.cpp">
      <Filter>Physics</Filter>
    </ClCompile>
    <ClCompile Include="Objects\SnowBall.cpp">
      <Filter>Objects</Filter>
    </ClCompile>
    <ClCompile Include="Data\Collision.cpp">
      <Filter>Data</Filter>
    </ClCompile>
    <ClCompile Include="Scene\Stage2.cpp">
      <Filter>Scene</Filter>
    </ClCompile>
    <ClCompile Include="UI\UI.cpp">
      <Filter>UI</Filter>
    </ClCompile>
    <ClCompile Include="Renders\AlphaBlendSprite.cpp">
      <Filter>Renders</Filter>
    </ClCompile>
    <ClCompile Include="Scene\LoadingScene.cpp">
      <Filter>Scene</Filter>
    </ClCompile>
    <ClCompile Include="Scene\SceneControl.cpp">
      <Filter>Scene</Filter>
    </ClCompile>
    <ClCompile Include="Maps\Background_Yeti.cpp">
      <Filter>Maps</Filter>
    </ClCompile>
    <ClCompile Include="Maps\Background_Goliath.cpp">
      <Filter>Maps</Filter>
    </ClCompile>
    <ClCompile Include="Scene\Stage1.cpp">
      <Filter>Scene</Filter>
    </ClCompile>
    <ClCompile Include="Characters\Goliath.cpp">
      <Filter>Characters</Filter>
    </ClCompile>
    <ClCompile Include="Characters\Player.cpp">
      <Filter>Characters</Filter>
    </ClCompile>
    <ClCompile Include="Characters\Yeti.cpp">
      <Filter>Characters</Filter>
    </ClCompile>
    <ClCompile Include="Objects\Goliath_Arm.cpp">
      <Filter>Objects</Filter>
    </ClCompile>
    <ClCompile Include="Objects\Shoulder.cpp">
      <Filter>Objects</Filter>
    </ClCompile>
  </ItemGroup>
  <ItemGroup>
    <ClInclude Include="stdafx.h" />
    <ClInclude Include="Systems\Keyboard.h">
      <Filter>Systems</Filter>
    </ClInclude>
    <ClInclude Include="Renders\Shader.h">
      <Filter>Renders</Filter>
    </ClInclude>
    <ClInclude Include="Utilities\BinaryFile.h">
      <Filter>Utilites</Filter>
    </ClInclude>
    <ClInclude Include="Utilities\Math.h">
      <Filter>Utilites</Filter>
    </ClInclude>
    <ClInclude Include="Utilities\Path.h">
      <Filter>Utilites</Filter>
    </ClInclude>
    <ClInclude Include="Utilities\String.h">
      <Filter>Utilites</Filter>
    </ClInclude>
    <ClInclude Include="Utilities\Xml.h">
      <Filter>Utilites</Filter>
    </ClInclude>
    <ClInclude Include="Systems\Time.h">
      <Filter>Systems</Filter>
    </ClInclude>
    <ClInclude Include="Systems\Device.h">
      <Filter>Systems</Filter>
    </ClInclude>
    <ClInclude Include="Renders\Clip.h">
      <Filter>Renders</Filter>
    </ClInclude>
    <ClInclude Include="Renders\Rect.h">
      <Filter>Renders</Filter>
    </ClInclude>
    <ClInclude Include="Renders\Sprite.h">
      <Filter>Renders</Filter>
    </ClInclude>
    <ClInclude Include="Renders\Animation.h">
      <Filter>Renders</Filter>
    </ClInclude>
    <ClInclude Include="Viewer\Camera.h">
      <Filter>Viewer</Filter>
    </ClInclude>
    <ClInclude Include="Viewer\Freedom.h">
      <Filter>Viewer</Filter>
    </ClInclude>
    <ClInclude Include="Viewer\IFollowing.h">
      <Filter>Viewer</Filter>
    </ClInclude>
    <ClInclude Include="Viewer\Following.h">
      <Filter>Viewer</Filter>
    </ClInclude>
    <ClInclude Include="Systems\DirectWrite.h">
      <Filter>Systems</Filter>
    </ClInclude>
    <ClInclude Include="Scene\Scene.h">
      <Filter>Scene</Filter>
    </ClInclude>
    <ClInclude Include="Scene\Stage2.h">
      <Filter>Scene</Filter>
    </ClInclude>
    <ClInclude Include="Objects\Line.h">
      <Filter>Objects</Filter>
    </ClInclude>
    <ClInclude Include="Objects\Marker.h">
      <Filter>Objects</Filter>
    </ClInclude>
    <ClInclude Include="Systems\CMouse.h">
      <Filter>Systems</Filter>
    </ClInclude>
    <ClInclude Include="Data\CollisionData.h">
      <Filter>Data</Filter>
    </ClInclude>
    <ClInclude Include="Objects\Arrow.h">
      <Filter>Objects</Filter>
    </ClInclude>
    <ClInclude Include="Systems\StopWatch.h">
      <Filter>Systems</Filter>
    </ClInclude>
    <ClInclude Include="Objects\Icycle.h">
      <Filter>Objects</Filter>
    </ClInclude>
    <ClInclude Include="Physics\CollisionSystem.h">
      <Filter>Physics</Filter>
    </ClInclude>
    <ClInclude Include="Physics\Gravity.h">
      <Filter>Physics</Filter>
    </ClInclude>
    <ClInclude Include="Objects\SnowBall.h">
      <Filter>Objects</Filter>
    </ClInclude>
    <ClInclude Include="Data\ActorsData.h">
      <Filter>Data</Filter>
    </ClInclude>
    <ClInclude Include="Data\Collision.h">
      <Filter>Data</Filter>
    </ClInclude>
    <ClInclude Include="Data\LineDesc.h">
      <Filter>Data</Filter>
    </ClInclude>
    <ClInclude Include="UI\UI.h">
      <Filter>UI</Filter>
    </ClInclude>
    <ClInclude Include="Renders\AlphaBlendSprite.h">
      <Filter>Renders</Filter>
    </ClInclude>
    <ClInclude Include="Scene\LoadingScene.h">
      <Filter>Scene</Filter>
    </ClInclude>
    <ClInclude Include="Scene\SceneControl.h">
      <Filter>Scene</Filter>
    </ClInclude>
    <ClInclude Include="Maps\Background_Yeti.h">
      <Filter>Maps</Filter>
    </ClInclude>
    <ClInclude Include="Maps\Background_Goliath.h">
      <Filter>Maps</Filter>
    </ClInclude>
    <ClInclude Include="Scene\Stage1.h">
      <Filter>Scene</Filter>
    </ClInclude>
    <ClInclude Include="Characters\Character.h">
      <Filter>Characters</Filter>
    </ClInclude>
    <ClInclude Include="Characters\Goliath.h">
      <Filter>Characters</Filter>
    </ClInclude>
    <ClInclude Include="Characters\Player.h">
      <Filter>Characters</Filter>
    </ClInclude>
    <ClInclude Include="Characters\Yeti.h">
      <Filter>Characters</Filter>
    </ClInclude>
    <ClInclude Include="Objects\Goliath_Arm.h">
      <Filter>Objects</Filter>
    </ClInclude>
    <ClInclude Include="Objects\Shoulder.h">
      <Filter>Objects</Filter>
    </ClInclude>
    <ClInclude Include="Physics\CollisionDesc.h">
      <Filter>Physics</Filter>
    </ClInclude>
  </ItemGroup>
  <ItemGroup>
    <Filter Include="Systems">
      <UniqueIdentifier>{6d2ea4b7-2307-400b-84f9-22731c29969d}</UniqueIdentifier>
    </Filter>
    <Filter Include="Renders">
      <UniqueIdentifier>{cb8c75c3-94ed-4b0d-be62-b28057a73f5a}</UniqueIdentifier>
    </Filter>
    <Filter Include="Utilites">
      <UniqueIdentifier>{1c4c5cc0-10b5-4ca5-aaf0-473f8a1ed0cc}</UniqueIdentifier>
    </Filter>
    <Filter Include="Objects">
      <UniqueIdentifier>{52ad0b39-6828-4e4d-97de-bad8c3602b73}</UniqueIdentifier>
    </Filter>
    <Filter Include="Viewer">
      <UniqueIdentifier>{f6f1bf2d-3ad3-45cc-8e83-2839514a3535}</UniqueIdentifier>
    </Filter>
    <Filter Include="Scene">
      <UniqueIdentifier>{2eac4a32-43cc-4827-9178-932e2ffea3ee}</UniqueIdentifier>
    </Filter>
    <Filter Include="Data">
      <UniqueIdentifier>{f1be0a8d-614c-4cbe-b6d8-14bc4b0ff430}</UniqueIdentifier>
    </Filter>
    <Filter Include="Physics">
      <UniqueIdentifier>{31b967cd-c525-4d2b-b467-ac18a73bdbcf}</UniqueIdentifier>
    </Filter>
    <Filter Include="UI">
      <UniqueIdentifier>{57803d4e-4921-4c3b-ab96-235c287ca257}</UniqueIdentifier>
    </Filter>
    <Filter Include="Maps">
      <UniqueIdentifier>{cc7467e8-0a80-462f-b2db-ac978138531f}</UniqueIdentifier>
    </Filter>
    <Filter Include="Characters">
      <UniqueIdentifier>{53b59101-a7b5-480e-a4f9-bcf68307138d}</UniqueIdentifier>
    </Filter>
  </ItemGroup>
</Project>